
Microsoft Visual Studio Solution File, Format Version 12.00
# Visual Studio 15
VisualStudioVersion = 15.0.27428.2037
MinimumVisualStudioVersion = 10.0.40219.1
Project("{8BC9CEB8-8B4A-11D0-8D11-00A0C91BC942}") = "SpaceRTS", "SpaceRTS\SpaceRTS.vcxproj", "{3FD882B3-F68E-4C91-9395-68A8093F0200}"
EndProject
Project("{8BC9CEB8-8B4A-11D0-8D11-00A0C91BC942}") = "ModelWriter", "ModelWriter\ModelWriter.vcxproj", "{15ED95AC-C839-4C21-B6AC-1F9A114383A7}"
EndProject
Project("{8BC9CEB8-8B4A-11D0-8D11-00A0C91BC942}") = "Modeller", "Modeller\Modeller.vcxproj", "{3AF91AFC-07F6-4FF7-A972-E9DA31FFD317}"
EndProject
Global
	GlobalSection(SolutionConfigurationPlatforms) = preSolution
		Debug|Win32 = Debug|Win32
		Debug|x64 = Debug|x64
		Release|Win32 = Release|Win32
		Release|x64 = Release|x64
	EndGlobalSection
	GlobalSection(ProjectConfigurationPlatforms) = postSolution
		{3FD882B3-F68E-4C91-9395-68A8093F0200}.Debug|Win32.ActiveCfg = Debug|Win32
		{3FD882B3-F68E-4C91-9395-68A8093F0200}.Debug|Win32.Build.0 = Debug|Win32
		{3FD882B3-F68E-4C91-9395-68A8093F0200}.Debug|x64.ActiveCfg = Debug|Win32
		{3FD882B3-F68E-4C91-9395-68A8093F0200}.Release|Win32.ActiveCfg = Release|Win32
		{3FD882B3-F68E-4C91-9395-68A8093F0200}.Release|Win32.Build.0 = Release|Win32
		{3FD882B3-F68E-4C91-9395-68A8093F0200}.Release|x64.ActiveCfg = Release|Win32
		{15ED95AC-C839-4C21-B6AC-1F9A114383A7}.Debug|Win32.ActiveCfg = Debug|Win32
		{15ED95AC-C839-4C21-B6AC-1F9A114383A7}.Debug|Win32.Build.0 = Debug|Win32
		{15ED95AC-C839-4C21-B6AC-1F9A114383A7}.Debug|x64.ActiveCfg = Debug|x64
		{15ED95AC-C839-4C21-B6AC-1F9A114383A7}.Debug|x64.Build.0 = Debug|x64
		{15ED95AC-C839-4C21-B6AC-1F9A114383A7}.Release|Win32.ActiveCfg = Release|Win32
		{15ED95AC-C839-4C21-B6AC-1F9A114383A7}.Release|Win32.Build.0 = Release|Win32
		{15ED95AC-C839-4C21-B6AC-1F9A114383A7}.Release|x64.ActiveCfg = Release|x64
		{15ED95AC-C839-4C21-B6AC-1F9A114383A7}.Release|x64.Build.0 = Release|x64
		{3AF91AFC-07F6-4FF7-A972-E9DA31FFD317}.Debug|Win32.ActiveCfg = Debug|Win32
		{3AF91AFC-07F6-4FF7-A972-E9DA31FFD317}.Debug|Win32.Build.0 = Debug|Win32
		{3AF91AFC-07F6-4FF7-A972-E9DA31FFD317}.Debug|x64.ActiveCfg = Debug|x64
		{3AF91AFC-07F6-4FF7-A972-E9DA31FFD317}.Debug|x64.Build.0 = Debug|x64
		{3AF91AFC-07F6-4FF7-A972-E9DA31FFD317}.Release|Win32.ActiveCfg = Release|Win32
		{3AF91AFC-07F6-4FF7-A972-E9DA31FFD317}.Release|Win32.Build.0 = Release|Win32
		{3AF91AFC-07F6-4FF7-A972-E9DA31FFD317}.Release|x64.ActiveCfg = Release|x64
		{3AF91AFC-07F6-4FF7-A972-E9DA31FFD317}.Release|x64.Build.0 = Release|x64
	EndGlobalSection
	GlobalSection(SolutionProperties) = preSolution
		HideSolutionNode = FALSE
	EndGlobalSection
	GlobalSection(ExtensibilityGlobals) = postSolution
		SolutionGuid = {1D0D10FE-6590-4D73-8E7B-AC2D528B7049}
	EndGlobalSection
EndGlobal
