<?xml version="1.0" encoding="utf-8"?>
<Project ToolsVersion="4.0" xmlns="http://schemas.microsoft.com/developer/msbuild/2003">
  <ItemGroup>
    <Filter Include="Source Files">
      <UniqueIdentifier>{4FC737F1-C7A5-4376-A066-2A32D752A2FF}</UniqueIdentifier>
      <Extensions>cpp;c;cc;cxx;def;odl;idl;hpj;bat;asm;asmx</Extensions>
    </Filter>
    <Filter Include="Header Files">
      <UniqueIdentifier>{93995380-89BD-4b04-88EB-625FBE52EBFB}</UniqueIdentifier>
      <Extensions>h;hh;hpp;hxx;hm;inl;inc;ipp;xsd</Extensions>
    </Filter>
    <Filter Include="Resource Files">
      <UniqueIdentifier>{67DA6AB6-F800-4c08-8B7A-83BB121AAD01}</UniqueIdentifier>
      <Extensions>rc;ico;cur;bmp;dlg;rc2;rct;bin;rgs;gif;jpg;jpeg;jpe;resx;tiff;tif;png;wav;mfcribbon-ms</Extensions>
    </Filter>
    <Filter Include="Source Files\UserInterface">
      <UniqueIdentifier>{484d1dc3-f572-450d-aff1-dbd272767176}</UniqueIdentifier>
    </Filter>
    <Filter Include="Header Files\UserInterface">
      <UniqueIdentifier>{f8fbedc3-fecc-4490-84d7-98c9fd967e2f}</UniqueIdentifier>
    </Filter>
    <Filter Include="Header Files\UserInterface\Components">
      <UniqueIdentifier>{2ecd34fe-a4c0-4754-9f37-a78c22991c71}</UniqueIdentifier>
    </Filter>
    <Filter Include="Source Files\UserInterface\Components">
      <UniqueIdentifier>{f6497b78-badf-4fda-bd5d-1c3ff0a9dce0}</UniqueIdentifier>
    </Filter>
    <Filter Include="Header Files\Shaders">
      <UniqueIdentifier>{b90f1fb0-eaf8-4798-9ee4-6fbaee7ef012}</UniqueIdentifier>
    </Filter>
    <Filter Include="Source Files\Shaders">
      <UniqueIdentifier>{5578f388-e081-453f-87a7-1404f25e6e31}</UniqueIdentifier>
    </Filter>
    <Filter Include="Header Files\Renderers">
      <UniqueIdentifier>{aab97805-2a12-4f09-9039-bd1a9e478d9f}</UniqueIdentifier>
    </Filter>
    <Filter Include="Header Files\UserInterface\Layouts">
      <UniqueIdentifier>{23573e17-080f-447e-b10d-8c15c301e360}</UniqueIdentifier>
    </Filter>
    <Filter Include="Source Files\UserInterface\Layouts">
      <UniqueIdentifier>{574f17c6-7c90-4e3c-8481-0edf81ab489e}</UniqueIdentifier>
    </Filter>
  </ItemGroup>
  <ItemGroup>
    <ClInclude Include="Shader.h">
      <Filter>Header Files</Filter>
    </ClInclude>
    <ClInclude Include="Geometry.h">
      <Filter>Header Files</Filter>
    </ClInclude>
    <ClInclude Include="Surface.h">
      <Filter>Header Files</Filter>
    </ClInclude>
    <ClInclude Include="OpenGLContext.h">
      <Filter>Header Files</Filter>
    </ClInclude>
    <ClInclude Include="Font.h">
      <Filter>Header Files</Filter>
    </ClInclude>
    <ClInclude Include="Texture.h">
      <Filter>Header Files</Filter>
    </ClInclude>
    <ClInclude Include="Event.h">
      <Filter>Header Files</Filter>
    </ClInclude>
    <ClInclude Include="UserInterface.h">
      <Filter>Header Files\UserInterface</Filter>
    </ClInclude>
    <ClInclude Include="UILabel.h">
      <Filter>Header Files\UserInterface\Components</Filter>
    </ClInclude>
    <ClInclude Include="UINumber.h">
      <Filter>Header Files\UserInterface\Components</Filter>
    </ClInclude>
    <ClInclude Include="UIPanel.h">
      <Filter>Header Files\UserInterface\Components</Filter>
    </ClInclude>
    <ClInclude Include="UITextBox.h">
      <Filter>Header Files\UserInterface\Components</Filter>
    </ClInclude>
    <ClInclude Include="UIToggleButton.h">
      <Filter>Header Files\UserInterface\Components</Filter>
    </ClInclude>
    <ClInclude Include="UIShader.h">
      <Filter>Header Files\Shaders</Filter>
    </ClInclude>
    <ClInclude Include="ScreenShader.h">
      <Filter>Header Files\Shaders</Filter>
    </ClInclude>
    <ClInclude Include="UIButton.h">
      <Filter>Header Files\UserInterface\Components</Filter>
    </ClInclude>
    <ClInclude Include="UIActionListener.h">
      <Filter>Header Files\UserInterface</Filter>
    </ClInclude>
    <ClInclude Include="UIUnsignedInteger.h">
      <Filter>Header Files\UserInterface\Components</Filter>
    </ClInclude>
    <ClInclude Include="UIInteger.h">
      <Filter>Header Files\UserInterface\Components</Filter>
    </ClInclude>
    <ClInclude Include="Renderer.h">
      <Filter>Header Files\Renderers</Filter>
    </ClInclude>
    <ClInclude Include="TextureRenderer.h">
      <Filter>Header Files\Renderers</Filter>
    </ClInclude>
    <ClInclude Include="UIComponent.h">
      <Filter>Header Files\UserInterface</Filter>
    </ClInclude>
    <ClInclude Include="UILayout.h">
      <Filter>Header Files\UserInterface</Filter>
    </ClInclude>
    <ClInclude Include="UILayoutHorizontal.h">
      <Filter>Header Files\UserInterface\Layouts</Filter>
    </ClInclude>
    <ClInclude Include="UILayoutVertical.h">
      <Filter>Header Files\UserInterface\Layouts</Filter>
    </ClInclude>
  </ItemGroup>
  <ItemGroup>
    <ClCompile Include="Shader.cpp">
      <Filter>Source Files</Filter>
    </ClCompile>
    <ClCompile Include="Surface.cpp">
      <Filter>Source Files</Filter>
    </ClCompile>
    <ClCompile Include="Renderer.cpp">
      <Filter>Source Files</Filter>
    </ClCompile>
    <ClCompile Include="OpenGLContext.cpp">
      <Filter>Source Files</Filter>
    </ClCompile>
    <ClCompile Include="Font.cpp">
      <Filter>Source Files</Filter>
    </ClCompile>
    <ClCompile Include="Texture.cpp">
      <Filter>Source Files</Filter>
    </ClCompile>
    <ClCompile Include="UILabel.cpp">
      <Filter>Source Files\UserInterface\Components</Filter>
    </ClCompile>
    <ClCompile Include="UINumber.cpp">
      <Filter>Source Files\UserInterface\Components</Filter>
    </ClCompile>
    <ClCompile Include="UIPanel.cpp">
      <Filter>Source Files\UserInterface\Components</Filter>
    </ClCompile>
    <ClCompile Include="UITextBox.cpp">
      <Filter>Source Files\UserInterface\Components</Filter>
    </ClCompile>
    <ClCompile Include="UIToggleButton.cpp">
      <Filter>Source Files\UserInterface\Components</Filter>
    </ClCompile>
    <ClCompile Include="ScreenShader.cpp">
      <Filter>Source Files\Shaders</Filter>
    </ClCompile>
    <ClCompile Include="UIShader.cpp">
      <Filter>Source Files\Shaders</Filter>
    </ClCompile>
    <ClCompile Include="UIButton.cpp">
      <Filter>Source Files\UserInterface\Components</Filter>
    </ClCompile>
    <ClCompile Include="UIUnsignedInteger.cpp">
      <Filter>Source Files\UserInterface\Components</Filter>
    </ClCompile>
    <ClCompile Include="UIInteger.cpp">
      <Filter>Source Files\UserInterface\Components</Filter>
    </ClCompile>
    <ClCompile Include="TextureRenderer.cpp">
      <Filter>Source Files</Filter>
    </ClCompile>
    <ClCompile Include="UIComponent.cpp">
      <Filter>Source Files\UserInterface</Filter>
    </ClCompile>
    <ClCompile Include="UserInterface.cpp">
      <Filter>Source Files\UserInterface</Filter>
    </ClCompile>
    <ClCompile Include="UILayoutHorizontal.cpp">
      <Filter>Source Files\UserInterface\Layouts</Filter>
    </ClCompile>
    <ClCompile Include="UILayoutVertical.cpp">
      <Filter>Source Files\UserInterface\Layouts</Filter>
    </ClCompile>
  </ItemGroup>
  <ItemGroup>
    <None Include="..\Resources\Shaders\ScreenShader.frag">
      <Filter>Resource Files</Filter>
    </None>
    <None Include="..\Resources\Shaders\ScreenShader.vert">
      <Filter>Resource Files</Filter>
    </None>
    <None Include="..\Resources\Shaders\UIShader.frag">
      <Filter>Resource Files</Filter>
    </None>
    <None Include="..\Resources\Shaders\UIShader.vert">
      <Filter>Resource Files</Filter>
    </None>
  </ItemGroup>
</Project>