<?xml version="1.0" encoding="utf-8"?>
<Project ToolsVersion="4.0" xmlns="http://schemas.microsoft.com/developer/msbuild/2003">
  <ItemGroup>
    <Filter Include="Source Files">
      <UniqueIdentifier>{4FC737F1-C7A5-4376-A066-2A32D752A2FF}</UniqueIdentifier>
      <Extensions>cpp;c;cc;cxx;def;odl;idl;hpj;bat;asm;asmx</Extensions>
    </Filter>
    <Filter Include="Header Files">
      <UniqueIdentifier>{93995380-89BD-4b04-88EB-625FBE52EBFB}</UniqueIdentifier>
      <Extensions>h;hpp;hxx;hm;inl;inc;xsd</Extensions>
    </Filter>
    <Filter Include="Shaders">
      <UniqueIdentifier>{51a8cc71-9ca5-45f8-a94e-a9a74e7d22a3}</UniqueIdentifier>
    </Filter>
    <Filter Include="Header Files\Shaders">
      <UniqueIdentifier>{709bfe32-7be9-4e4a-9016-6aba7ff2206c}</UniqueIdentifier>
    </Filter>
    <Filter Include="Source Files\Shaders">
      <UniqueIdentifier>{cba2c7ec-4670-4780-8c45-d8cb5268109d}</UniqueIdentifier>
    </Filter>
    <Filter Include="Header Files\Utilities">
      <UniqueIdentifier>{cd7536be-c6a7-476e-800a-4f440034cfe3}</UniqueIdentifier>
    </Filter>
    <Filter Include="Header Files\UserInterface">
      <UniqueIdentifier>{70fb2991-7e8a-4008-b02d-ad7ca4c7dda7}</UniqueIdentifier>
    </Filter>
    <Filter Include="Source Files\UserInterface">
      <UniqueIdentifier>{07cfff43-d642-4750-b3f3-6073db3b5924}</UniqueIdentifier>
    </Filter>
  </ItemGroup>
  <ItemGroup>
    <ClCompile Include="main.cpp">
      <Filter>Source Files</Filter>
    </ClCompile>
    <ClCompile Include="WorldObject.cpp">
      <Filter>Source Files</Filter>
    </ClCompile>
    <ClCompile Include="Controller.cpp">
      <Filter>Source Files</Filter>
    </ClCompile>
    <ClCompile Include="Surface.cpp">
      <Filter>Source Files</Filter>
    </ClCompile>
    <ClCompile Include="World.cpp">
      <Filter>Source Files</Filter>
    </ClCompile>
    <ClCompile Include="Ship.cpp">
      <Filter>Source Files</Filter>
    </ClCompile>
    <ClCompile Include="Projectile.cpp">
      <Filter>Source Files</Filter>
    </ClCompile>
    <ClCompile Include="Renderer.cpp">
      <Filter>Source Files\Shaders</Filter>
    </ClCompile>
    <ClCompile Include="ObjectPanel.cpp">
      <Filter>Source Files\UserInterface</Filter>
    </ClCompile>
    <ClCompile Include="OrderIndependentTransparencyShader.cpp">
      <Filter>Source Files\Shaders</Filter>
    </ClCompile>
    <ClCompile Include="UserInterface.cpp">
      <Filter>Source Files\UserInterface</Filter>
    </ClCompile>
    <ClCompile Include="UserInterfacePanel.cpp">
      <Filter>Source Files\UserInterface</Filter>
    </ClCompile>
    <ClCompile Include="UserInterfaceShader.cpp">
      <Filter>Source Files\Shaders</Filter>
    </ClCompile>
    <ClCompile Include="Shader.cpp">
      <Filter>Source Files\Shaders</Filter>
    </ClCompile>
    <ClCompile Include="UserInterfaceBarShader.cpp">
      <Filter>Source Files\Shaders</Filter>
    </ClCompile>
    <ClCompile Include="TextShader.cpp">
      <Filter>Source Files\Shaders</Filter>
    </ClCompile>
  </ItemGroup>
  <ItemGroup>
    <ClInclude Include="WorldObject.h">
      <Filter>Header Files</Filter>
    </ClInclude>
    <ClInclude Include="Surface.h">
      <Filter>Header Files</Filter>
    </ClInclude>
    <ClInclude Include="Controller.h">
      <Filter>Header Files</Filter>
    </ClInclude>
    <ClInclude Include="World.h">
      <Filter>Header Files</Filter>
    </ClInclude>
    <ClInclude Include="Ship.h">
      <Filter>Header Files</Filter>
    </ClInclude>
    <ClInclude Include="Projectile.h">
      <Filter>Header Files</Filter>
    </ClInclude>
    <ClInclude Include="Shader.h">
      <Filter>Header Files\Shaders</Filter>
    </ClInclude>
    <ClInclude Include="UserInterfaceShader.h">
      <Filter>Header Files\Shaders</Filter>
    </ClInclude>
    <ClInclude Include="TextShader.h">
      <Filter>Header Files\Shaders</Filter>
    </ClInclude>
    <ClInclude Include="UserInterfaceBarShader.h">
      <Filter>Header Files\Shaders</Filter>
    </ClInclude>
    <ClInclude Include="OrderIndependentTransparencyShader.h">
      <Filter>Header Files\Shaders</Filter>
    </ClInclude>
    <ClInclude Include="ResourceLoader.h">
      <Filter>Header Files\Utilities</Filter>
    </ClInclude>
    <ClInclude Include="Geometry.h">
      <Filter>Header Files\Utilities</Filter>
    </ClInclude>
    <ClInclude Include="UserInterface.h">
      <Filter>Header Files\UserInterface</Filter>
    </ClInclude>
    <ClInclude Include="UserInterfacePanel.h">
      <Filter>Header Files\UserInterface</Filter>
    </ClInclude>
    <ClInclude Include="ObjectPanel.h">
      <Filter>Header Files\UserInterface</Filter>
    </ClInclude>
    <ClInclude Include="Renderer.h">
      <Filter>Header Files\UserInterface</Filter>
    </ClInclude>
  </ItemGroup>
  <ItemGroup>
    <None Include="MainShader.vert">
      <Filter>Shaders</Filter>
    </None>
    <None Include="MainShader.frag">
      <Filter>Shaders</Filter>
    </None>
    <None Include="ScreenShader.vert">
      <Filter>Shaders</Filter>
    </None>
    <None Include="ScreenShader.frag">
      <Filter>Shaders</Filter>
    </None>
    <None Include="userInterfaceShader.frag">
      <Filter>Shaders</Filter>
    </None>
    <None Include="userInterfaceShader.vert">
      <Filter>Shaders</Filter>
    </None>
    <None Include="userInterfaceBarShader.vert">
      <Filter>Shaders</Filter>
    </None>
    <None Include="userInterfaceBarShader.geom">
      <Filter>Shaders</Filter>
    </None>
    <None Include="userInterfaceBarShader.frag">
      <Filter>Shaders</Filter>
    </None>
    <None Include="OrderIndependentTransparencyBlender.frag">
      <Filter>Shaders</Filter>
    </None>
    <None Include="OrderIndependentTransparencyBlender.vert">
      <Filter>Shaders</Filter>
    </None>
    <None Include="OrderIndependentTransparencyShader.frag">
      <Filter>Shaders</Filter>
    </None>
    <None Include="OrderIndependentTransparencyShader.vert">
      <Filter>Shaders</Filter>
    </None>
    <None Include="ShieldShader.vert">
      <Filter>Shaders</Filter>
    </None>
    <None Include="ShieldShader.frag">
      <Filter>Shaders</Filter>
    </None>
    <None Include="TextShader.vert">
      <Filter>Shaders</Filter>
    </None>
    <None Include="TextShader.frag">
      <Filter>Shaders</Filter>
    </None>
  </ItemGroup>
</Project>