<?xml version="1.0" encoding="utf-8"?>
<Project ToolsVersion="4.0" xmlns="http://schemas.microsoft.com/developer/msbuild/2003">
  <ItemGroup>
    <Filter Include="Source Files">
      <UniqueIdentifier>{4FC737F1-C7A5-4376-A066-2A32D752A2FF}</UniqueIdentifier>
      <Extensions>cpp;c;cc;cxx;def;odl;idl;hpj;bat;asm;asmx</Extensions>
    </Filter>
    <Filter Include="Header Files">
      <UniqueIdentifier>{93995380-89BD-4b04-88EB-625FBE52EBFB}</UniqueIdentifier>
      <Extensions>h;hh;hpp;hxx;hm;inl;inc;ipp;xsd</Extensions>
    </Filter>
    <Filter Include="Resource Files">
      <UniqueIdentifier>{67DA6AB6-F800-4c08-8B7A-83BB121AAD01}</UniqueIdentifier>
      <Extensions>rc;ico;cur;bmp;dlg;rc2;rct;bin;rgs;gif;jpg;jpeg;jpe;resx;tiff;tif;png;wav;mfcribbon-ms</Extensions>
    </Filter>
    <Filter Include="Header Files\Shaders">
      <UniqueIdentifier>{a9a7c095-22aa-4f39-86f6-09c186d2cede}</UniqueIdentifier>
    </Filter>
    <Filter Include="Source Files\Shaders">
      <UniqueIdentifier>{a80e9cb0-9f12-4adf-b560-dfa698e9582b}</UniqueIdentifier>
    </Filter>
    <Filter Include="Header Files\UserInterface">
      <UniqueIdentifier>{925f77b8-5267-4daf-8dcd-f2c34af30ffc}</UniqueIdentifier>
    </Filter>
    <Filter Include="Source Files\UserInterface">
      <UniqueIdentifier>{2f5bc4ec-6214-42d5-902f-be389cc86968}</UniqueIdentifier>
    </Filter>
    <Filter Include="Resource Files\SimpleShader">
      <UniqueIdentifier>{e9ca3c9c-91ff-4149-8abb-96604ff894c5}</UniqueIdentifier>
    </Filter>
    <Filter Include="Source Files\UserInterface\Panels">
      <UniqueIdentifier>{d862eccc-3848-4689-b44c-9e5ef6c32d8e}</UniqueIdentifier>
    </Filter>
    <Filter Include="Header Files\UserInterface\Panels">
      <UniqueIdentifier>{f441a9aa-4418-4d91-bc92-ed7d03fb0a83}</UniqueIdentifier>
    </Filter>
    <Filter Include="Resource Files\BlankShader">
      <UniqueIdentifier>{38c5aa5c-348a-400b-b5cf-649e894b79f0}</UniqueIdentifier>
    </Filter>
  </ItemGroup>
  <ItemGroup>
    <ClCompile Include="Main.cpp">
      <Filter>Source Files</Filter>
    </ClCompile>
    <ClCompile Include="SimpleShader.cpp">
      <Filter>Source Files\Shaders</Filter>
    </ClCompile>
    <ClCompile Include="Controller.cpp">
      <Filter>Source Files</Filter>
    </ClCompile>
    <ClCompile Include="Camera.cpp">
      <Filter>Source Files</Filter>
    </ClCompile>
    <ClCompile Include="UIVertexInformation.cpp">
      <Filter>Source Files\UserInterface\Panels</Filter>
    </ClCompile>
    <ClCompile Include="UIRenderOptions.cpp">
      <Filter>Source Files\UserInterface\Panels</Filter>
    </ClCompile>
    <ClCompile Include="UIVertexPanel.cpp">
      <Filter>Source Files\UserInterface\Panels</Filter>
    </ClCompile>
    <ClCompile Include="UserInterfaceModeller.cpp">
      <Filter>Source Files\UserInterface</Filter>
    </ClCompile>
    <ClCompile Include="UITriangleInformation.cpp">
      <Filter>Source Files\UserInterface\Panels</Filter>
    </ClCompile>
    <ClCompile Include="UITrianglePanel.cpp">
      <Filter>Source Files\UserInterface\Panels</Filter>
    </ClCompile>
    <ClCompile Include="BlankShader.cpp">
      <Filter>Source Files\Shaders</Filter>
    </ClCompile>
  </ItemGroup>
  <ItemGroup>
    <ClInclude Include="SimpleShader.h">
      <Filter>Header Files\Shaders</Filter>
    </ClInclude>
    <ClInclude Include="Controller.h">
      <Filter>Header Files</Filter>
    </ClInclude>
    <ClInclude Include="Camera.h">
      <Filter>Header Files</Filter>
    </ClInclude>
    <ClInclude Include="UIVertexInformation.h">
      <Filter>Header Files\UserInterface\Panels</Filter>
    </ClInclude>
    <ClInclude Include="UIRenderOptions.h">
      <Filter>Header Files\UserInterface\Panels</Filter>
    </ClInclude>
    <ClInclude Include="UIVertexPanel.h">
      <Filter>Header Files\UserInterface\Panels</Filter>
    </ClInclude>
    <ClInclude Include="UserInterfaceModeller.h">
      <Filter>Header Files\UserInterface</Filter>
    </ClInclude>
    <ClInclude Include="UITriangleInformation.h">
      <Filter>Header Files\UserInterface\Panels</Filter>
    </ClInclude>
    <ClInclude Include="BlankShader.h">
      <Filter>Header Files\Shaders</Filter>
    </ClInclude>
  </ItemGroup>
  <ItemGroup>
    <None Include="SimpleShader.frag">
      <Filter>Resource Files\SimpleShader</Filter>
    </None>
    <None Include="SimpleShader.vert">
      <Filter>Resource Files\SimpleShader</Filter>
    </None>
    <None Include="UITrianglePanel.h">
      <Filter>Header Files\UserInterface\Panels</Filter>
    </None>
    <None Include="BlankShader.frag">
      <Filter>Resource Files\BlankShader</Filter>
    </None>
    <None Include="BlankShader.vert">
      <Filter>Resource Files\BlankShader</Filter>
    </None>
  </ItemGroup>
</Project>